
Microsoft Visual Studio Solution File, Format Version 12.00
# Visual Studio Express 2012 for Windows Desktop
Project("{FAE04EC0-301F-11D3-BF4B-00C04F79EFBC}") = "DataApp", "DataApp.csproj", "{EFDBCE1F-721B-41C7-9403-AB03B80AF3BB}"
EndProject
Global
	GlobalSection(SolutionConfigurationPlatforms) = preSolution
		Debug|Any CPU = Debug|Any CPU
		Release|Any CPU = Release|Any CPU
	EndGlobalSection
	GlobalSection(ProjectConfigurationPlatforms) = postSolution
		{EFDBCE1F-721B-41C7-9403-AB03B80AF3BB}.Debug|Any CPU.ActiveCfg = Debug|Any CPU
		{EFDBCE1F-721B-41C7-9403-AB03B80AF3BB}.Debug|Any CPU.Build.0 = Debug|Any CPU
		{EFDBCE1F-721B-41C7-9403-AB03B80AF3BB}.Release|Any CPU.ActiveCfg = Release|Any CPU
		{EFDBCE1F-721B-41C7-9403-AB03B80AF3BB}.Release|Any CPU.Build.0 = Release|Any CPU
	EndGlobalSection
	GlobalSection(SolutionProperties) = preSolution
		HideSolutionNode = FALSE
	EndGlobalSection
EndGlobal
